// !$*UTF8*$!
{
	archiveVersion = 1;
	classes = {
	};
	objectVersion = 50;
	objects = {

/* Begin PBXBuildFile section */
		D11709D325ED23830096CDAB /* AppDelegate.swift in Sources */ = {isa = PBXBuildFile; fileRef = D11709D225ED23830096CDAB /* AppDelegate.swift */; };
		D11709D525ED23830096CDAB /* SceneDelegate.swift in Sources */ = {isa = PBXBuildFile; fileRef = D11709D425ED23830096CDAB /* SceneDelegate.swift */; };
		D11709D725ED23830096CDAB /* ConversationViewController.swift in Sources */ = {isa = PBXBuildFile; fileRef = D11709D625ED23830096CDAB /* ConversationViewController.swift */; };
		D11709DA25ED23830096CDAB /* Main.storyboard in Resources */ = {isa = PBXBuildFile; fileRef = D11709D825ED23830096CDAB /* Main.storyboard */; };
		D11709DC25ED23850096CDAB /* Assets.xcassets in Resources */ = {isa = PBXBuildFile; fileRef = D11709DB25ED23850096CDAB /* Assets.xcassets */; };
		D11709DF25ED23850096CDAB /* LaunchScreen.storyboard in Resources */ = {isa = PBXBuildFile; fileRef = D11709DD25ED23850096CDAB /* LaunchScreen.storyboard */; };
		D11709EA25ED23860096CDAB /* MessengerTests.swift in Sources */ = {isa = PBXBuildFile; fileRef = D11709E925ED23860096CDAB /* MessengerTests.swift */; };
		D11709F525ED23860096CDAB /* MessengerUITests.swift in Sources */ = {isa = PBXBuildFile; fileRef = D11709F425ED23860096CDAB /* MessengerUITests.swift */; };
		D1170A1525ED261F0096CDAB /* LoginViewController.swift in Sources */ = {isa = PBXBuildFile; fileRef = D1170A1425ED261F0096CDAB /* LoginViewController.swift */; };
		D1170A1A25ED262E0096CDAB /* RegisterViewController.swift in Sources */ = {isa = PBXBuildFile; fileRef = D1170A1925ED262E0096CDAB /* RegisterViewController.swift */; };
		D1170A1F25ED26420096CDAB /* PhotoViewerViewController.swift in Sources */ = {isa = PBXBuildFile; fileRef = D1170A1E25ED26420096CDAB /* PhotoViewerViewController.swift */; };
		D1170A2425ED265E0096CDAB /* VideoPlayerViewController.swift in Sources */ = {isa = PBXBuildFile; fileRef = D1170A2325ED265E0096CDAB /* VideoPlayerViewController.swift */; };
		D1170A2925ED26710096CDAB /* NewConversationViewController.swift in Sources */ = {isa = PBXBuildFile; fileRef = D1170A2825ED26710096CDAB /* NewConversationViewController.swift */; };
		D1170A2E25ED26820096CDAB /* ProfileViewController.swift in Sources */ = {isa = PBXBuildFile; fileRef = D1170A2D25ED26820096CDAB /* ProfileViewController.swift */; };
		D1B6622E25EE6A0200DC3634 /* Extensions.swift in Sources */ = {isa = PBXBuildFile; fileRef = D1B6622D25EE6A0200DC3634 /* Extensions.swift */; };
/* End PBXBuildFile section */

/* Begin PBXContainerItemProxy section */
		D11709E625ED23860096CDAB /* PBXContainerItemProxy */ = {
			isa = PBXContainerItemProxy;
			containerPortal = D11709C725ED23830096CDAB /* Project object */;
			proxyType = 1;
			remoteGlobalIDString = D11709CE25ED23830096CDAB;
			remoteInfo = Messenger;
		};
		D11709F125ED23860096CDAB /* PBXContainerItemProxy */ = {
			isa = PBXContainerItemProxy;
			containerPortal = D11709C725ED23830096CDAB /* Project object */;
			proxyType = 1;
			remoteGlobalIDString = D11709CE25ED23830096CDAB;
			remoteInfo = Messenger;
		};
/* End PBXContainerItemProxy section */

/* Begin PBXFileReference section */
		D11709CF25ED23830096CDAB /* Messenger.app */ = {isa = PBXFileReference; explicitFileType = wrapper.application; includeInIndex = 0; path = Messenger.app; sourceTree = BUILT_PRODUCTS_DIR; };
		D11709D225ED23830096CDAB /* AppDelegate.swift */ = {isa = PBXFileReference; lastKnownFileType = sourcecode.swift; path = AppDelegate.swift; sourceTree = "<group>"; };
		D11709D425ED23830096CDAB /* SceneDelegate.swift */ = {isa = PBXFileReference; lastKnownFileType = sourcecode.swift; path = SceneDelegate.swift; sourceTree = "<group>"; };
		D11709D625ED23830096CDAB /* ConversationViewController.swift */ = {isa = PBXFileReference; lastKnownFileType = sourcecode.swift; path = ConversationViewController.swift; sourceTree = "<group>"; };
		D11709D925ED23830096CDAB /* Base */ = {isa = PBXFileReference; lastKnownFileType = file.storyboard; name = Base; path = Base.lproj/Main.storyboard; sourceTree = "<group>"; };
		D11709DB25ED23850096CDAB /* Assets.xcassets */ = {isa = PBXFileReference; lastKnownFileType = folder.assetcatalog; path = Assets.xcassets; sourceTree = "<group>"; };
		D11709DE25ED23850096CDAB /* Base */ = {isa = PBXFileReference; lastKnownFileType = file.storyboard; name = Base; path = Base.lproj/LaunchScreen.storyboard; sourceTree = "<group>"; };
		D11709E025ED23860096CDAB /* Info.plist */ = {isa = PBXFileReference; lastKnownFileType = text.plist.xml; path = Info.plist; sourceTree = "<group>"; };
		D11709E525ED23860096CDAB /* MessengerTests.xctest */ = {isa = PBXFileReference; explicitFileType = wrapper.cfbundle; includeInIndex = 0; path = MessengerTests.xctest; sourceTree = BUILT_PRODUCTS_DIR; };
		D11709E925ED23860096CDAB /* MessengerTests.swift */ = {isa = PBXFileReference; lastKnownFileType = sourcecode.swift; path = MessengerTests.swift; sourceTree = "<group>"; };
		D11709EB25ED23860096CDAB /* Info.plist */ = {isa = PBXFileReference; lastKnownFileType = text.plist.xml; path = Info.plist; sourceTree = "<group>"; };
		D11709F025ED23860096CDAB /* MessengerUITests.xctest */ = {isa = PBXFileReference; explicitFileType = wrapper.cfbundle; includeInIndex = 0; path = MessengerUITests.xctest; sourceTree = BUILT_PRODUCTS_DIR; };
		D11709F425ED23860096CDAB /* MessengerUITests.swift */ = {isa = PBXFileReference; lastKnownFileType = sourcecode.swift; path = MessengerUITests.swift; sourceTree = "<group>"; };
		D11709F625ED23860096CDAB /* Info.plist */ = {isa = PBXFileReference; lastKnownFileType = text.plist.xml; path = Info.plist; sourceTree = "<group>"; };
		D1170A1425ED261F0096CDAB /* LoginViewController.swift */ = {isa = PBXFileReference; lastKnownFileType = sourcecode.swift; path = LoginViewController.swift; sourceTree = "<group>"; };
		D1170A1925ED262E0096CDAB /* RegisterViewController.swift */ = {isa = PBXFileReference; lastKnownFileType = sourcecode.swift; path = RegisterViewController.swift; sourceTree = "<group>"; };
		D1170A1E25ED26420096CDAB /* PhotoViewerViewController.swift */ = {isa = PBXFileReference; lastKnownFileType = sourcecode.swift; path = PhotoViewerViewController.swift; sourceTree = "<group>"; };
		D1170A2325ED265E0096CDAB /* VideoPlayerViewController.swift */ = {isa = PBXFileReference; lastKnownFileType = sourcecode.swift; path = VideoPlayerViewController.swift; sourceTree = "<group>"; };
		D1170A2825ED26710096CDAB /* NewConversationViewController.swift */ = {isa = PBXFileReference; lastKnownFileType = sourcecode.swift; path = NewConversationViewController.swift; sourceTree = "<group>"; };
		D1170A2D25ED26820096CDAB /* ProfileViewController.swift */ = {isa = PBXFileReference; lastKnownFileType = sourcecode.swift; path = ProfileViewController.swift; sourceTree = "<group>"; };
		D1B6622D25EE6A0200DC3634 /* Extensions.swift */ = {isa = PBXFileReference; lastKnownFileType = sourcecode.swift; path = Extensions.swift; sourceTree = "<group>"; };
/* End PBXFileReference section */

/* Begin PBXFrameworksBuildPhase section */
		D11709CC25ED23830096CDAB /* Frameworks */ = {
			isa = PBXFrameworksBuildPhase;
			buildActionMask = 2147483647;
			files = (
			);
			runOnlyForDeploymentPostprocessing = 0;
		};
		D11709E225ED23860096CDAB /* Frameworks */ = {
			isa = PBXFrameworksBuildPhase;
			buildActionMask = 2147483647;
			files = (
			);
			runOnlyForDeploymentPostprocessing = 0;
		};
		D11709ED25ED23860096CDAB /* Frameworks */ = {
			isa = PBXFrameworksBuildPhase;
			buildActionMask = 2147483647;
			files = (
			);
			runOnlyForDeploymentPostprocessing = 0;
		};
/* End PBXFrameworksBuildPhase section */

/* Begin PBXGroup section */
		D11709C625ED23830096CDAB = {
			isa = PBXGroup;
			children = (
				D11709D125ED23830096CDAB /* Messenger */,
				D11709E825ED23860096CDAB /* MessengerTests */,
				D11709F325ED23860096CDAB /* MessengerUITests */,
				D11709D025ED23830096CDAB /* Products */,
			);
			sourceTree = "<group>";
		};
		D11709D025ED23830096CDAB /* Products */ = {
			isa = PBXGroup;
			children = (
				D11709CF25ED23830096CDAB /* Messenger.app */,
				D11709E525ED23860096CDAB /* MessengerTests.xctest */,
				D11709F025ED23860096CDAB /* MessengerUITests.xctest */,
			);
			name = Products;
			sourceTree = "<group>";
		};
		D11709D125ED23830096CDAB /* Messenger */ = {
			isa = PBXGroup;
			children = (
				D1170A0925ED24CB0096CDAB /* Resources */,
				D1170A0825ED24C60096CDAB /* ViewModels */,
				D1170A0725ED24C20096CDAB /* Models */,
				D1170A0625ED24BF0096CDAB /* Views */,
				D1170A0525ED24BC0096CDAB /* Controllers */,
				D11709E025ED23860096CDAB /* Info.plist */,
			);
			path = Messenger;
			sourceTree = "<group>";
		};
		D11709E825ED23860096CDAB /* MessengerTests */ = {
			isa = PBXGroup;
			children = (
				D11709E925ED23860096CDAB /* MessengerTests.swift */,
				D11709EB25ED23860096CDAB /* Info.plist */,
			);
			path = MessengerTests;
			sourceTree = "<group>";
		};
		D11709F325ED23860096CDAB /* MessengerUITests */ = {
			isa = PBXGroup;
			children = (
				D11709F425ED23860096CDAB /* MessengerUITests.swift */,
				D11709F625ED23860096CDAB /* Info.plist */,
			);
			path = MessengerUITests;
			sourceTree = "<group>";
		};
		D1170A0525ED24BC0096CDAB /* Controllers */ = {
			isa = PBXGroup;
			children = (
				D1170A3225ED360D0096CDAB /* Login */,
				D1170A1E25ED26420096CDAB /* PhotoViewerViewController.swift */,
				D1170A2325ED265E0096CDAB /* VideoPlayerViewController.swift */,
				D1170A2825ED26710096CDAB /* NewConversationViewController.swift */,
				D1170A2D25ED26820096CDAB /* ProfileViewController.swift */,
			);
			path = Controllers;
			sourceTree = "<group>";
		};
		D1170A0625ED24BF0096CDAB /* Views */ = {
			isa = PBXGroup;
			children = (
				D1170A0A25ED25070096CDAB /* Storyboards */,
				D11709DB25ED23850096CDAB /* Assets.xcassets */,
			);
			path = Views;
			sourceTree = "<group>";
		};
		D1170A0725ED24C20096CDAB /* Models */ = {
			isa = PBXGroup;
			children = (
			);
			path = Models;
			sourceTree = "<group>";
		};
		D1170A0825ED24C60096CDAB /* ViewModels */ = {
			isa = PBXGroup;
			children = (
			);
			path = ViewModels;
			sourceTree = "<group>";
		};
		D1170A0925ED24CB0096CDAB /* Resources */ = {
			isa = PBXGroup;
			children = (
				D11709D225ED23830096CDAB /* AppDelegate.swift */,
				D11709D425ED23830096CDAB /* SceneDelegate.swift */,
				D1B6622D25EE6A0200DC3634 /* Extensions.swift */,
			);
			path = Resources;
			sourceTree = "<group>";
		};
		D1170A0A25ED25070096CDAB /* Storyboards */ = {
			isa = PBXGroup;
			children = (
				D11709D825ED23830096CDAB /* Main.storyboard */,
				D11709DD25ED23850096CDAB /* LaunchScreen.storyboard */,
			);
			path = Storyboards;
			sourceTree = "<group>";
		};
		D1170A3225ED360D0096CDAB /* Login */ = {
			isa = PBXGroup;
			children = (
				D11709D625ED23830096CDAB /* ConversationViewController.swift */,
				D1170A1425ED261F0096CDAB /* LoginViewController.swift */,
				D1170A1925ED262E0096CDAB /* RegisterViewController.swift */,
			);
			path = Login;
			sourceTree = "<group>";
		};
/* End PBXGroup section */

/* Begin PBXNativeTarget section */
		D11709CE25ED23830096CDAB /* Messenger */ = {
			isa = PBXNativeTarget;
			buildConfigurationList = D11709F925ED23860096CDAB /* Build configuration list for PBXNativeTarget "Messenger" */;
			buildPhases = (
				D11709CB25ED23830096CDAB /* Sources */,
				D11709CC25ED23830096CDAB /* Frameworks */,
				D11709CD25ED23830096CDAB /* Resources */,
			);
			buildRules = (
			);
			dependencies = (
			);
			name = Messenger;
			productName = Messenger;
			productReference = D11709CF25ED23830096CDAB /* Messenger.app */;
			productType = "com.apple.product-type.application";
		};
		D11709E425ED23860096CDAB /* MessengerTests */ = {
			isa = PBXNativeTarget;
			buildConfigurationList = D11709FC25ED23860096CDAB /* Build configuration list for PBXNativeTarget "MessengerTests" */;
			buildPhases = (
				D11709E125ED23860096CDAB /* Sources */,
				D11709E225ED23860096CDAB /* Frameworks */,
				D11709E325ED23860096CDAB /* Resources */,
			);
			buildRules = (
			);
			dependencies = (
				D11709E725ED23860096CDAB /* PBXTargetDependency */,
			);
			name = MessengerTests;
			productName = MessengerTests;
			productReference = D11709E525ED23860096CDAB /* MessengerTests.xctest */;
			productType = "com.apple.product-type.bundle.unit-test";
		};
		D11709EF25ED23860096CDAB /* MessengerUITests */ = {
			isa = PBXNativeTarget;
			buildConfigurationList = D11709FF25ED23860096CDAB /* Build configuration list for PBXNativeTarget "MessengerUITests" */;
			buildPhases = (
				D11709EC25ED23860096CDAB /* Sources */,
				D11709ED25ED23860096CDAB /* Frameworks */,
				D11709EE25ED23860096CDAB /* Resources */,
			);
			buildRules = (
			);
			dependencies = (
				D11709F225ED23860096CDAB /* PBXTargetDependency */,
			);
			name = MessengerUITests;
			productName = MessengerUITests;
			productReference = D11709F025ED23860096CDAB /* MessengerUITests.xctest */;
			productType = "com.apple.product-type.bundle.ui-testing";
		};
/* End PBXNativeTarget section */

/* Begin PBXProject section */
		D11709C725ED23830096CDAB /* Project object */ = {
			isa = PBXProject;
			attributes = {
				LastSwiftUpdateCheck = 1240;
				LastUpgradeCheck = 1240;
				TargetAttributes = {
					D11709CE25ED23830096CDAB = {
						CreatedOnToolsVersion = 12.4;
					};
					D11709E425ED23860096CDAB = {
						CreatedOnToolsVersion = 12.4;
						TestTargetID = D11709CE25ED23830096CDAB;
					};
					D11709EF25ED23860096CDAB = {
						CreatedOnToolsVersion = 12.4;
						TestTargetID = D11709CE25ED23830096CDAB;
					};
				};
			};
			buildConfigurationList = D11709CA25ED23830096CDAB /* Build configuration list for PBXProject "Messenger" */;
			compatibilityVersion = "Xcode 9.3";
			developmentRegion = en;
			hasScannedForEncodings = 0;
			knownRegions = (
				en,
				Base,
			);
			mainGroup = D11709C625ED23830096CDAB;
			productRefGroup = D11709D025ED23830096CDAB /* Products */;
			projectDirPath = "";
			projectRoot = "";
			targets = (
				D11709CE25ED23830096CDAB /* Messenger */,
				D11709E425ED23860096CDAB /* MessengerTests */,
				D11709EF25ED23860096CDAB /* MessengerUITests */,
			);
		};
/* End PBXProject section */

/* Begin PBXResourcesBuildPhase section */
		D11709CD25ED23830096CDAB /* Resources */ = {
			isa = PBXResourcesBuildPhase;
			buildActionMask = 2147483647;
			files = (
				D11709DF25ED23850096CDAB /* LaunchScreen.storyboard in Resources */,
				D11709DC25ED23850096CDAB /* Assets.xcassets in Resources */,
				D11709DA25ED23830096CDAB /* Main.storyboard in Resources */,
			);
			runOnlyForDeploymentPostprocessing = 0;
		};
		D11709E325ED23860096CDAB /* Resources */ = {
			isa = PBXResourcesBuildPhase;
			buildActionMask = 2147483647;
			files = (
			);
			runOnlyForDeploymentPostprocessing = 0;
		};
		D11709EE25ED23860096CDAB /* Resources */ = {
			isa = PBXResourcesBuildPhase;
			buildActionMask = 2147483647;
			files = (
			);
			runOnlyForDeploymentPostprocessing = 0;
		};
/* End PBXResourcesBuildPhase section */

/* Begin PBXSourcesBuildPhase section */
		D11709CB25ED23830096CDAB /* Sources */ = {
			isa = PBXSourcesBuildPhase;
			buildActionMask = 2147483647;
			files = (
				D1170A1525ED261F0096CDAB /* LoginViewController.swift in Sources */,
				D1170A1A25ED262E0096CDAB /* RegisterViewController.swift in Sources */,
				D1170A2925ED26710096CDAB /* NewConversationViewController.swift in Sources */,
				D11709D725ED23830096CDAB /* ConversationViewController.swift in Sources */,
				D1170A2425ED265E0096CDAB /* VideoPlayerViewController.swift in Sources */,
				D1B6622E25EE6A0200DC3634 /* Extensions.swift in Sources */,
				D11709D325ED23830096CDAB /* AppDelegate.swift in Sources */,
				D1170A2E25ED26820096CDAB /* ProfileViewController.swift in Sources */,
				D11709D525ED23830096CDAB /* SceneDelegate.swift in Sources */,
				D1170A1F25ED26420096CDAB /* PhotoViewerViewController.swift in Sources */,
			);
			runOnlyForDeploymentPostprocessing = 0;
		};
		D11709E125ED23860096CDAB /* Sources */ = {
			isa = PBXSourcesBuildPhase;
			buildActionMask = 2147483647;
			files = (
				D11709EA25ED23860096CDAB /* MessengerTests.swift in Sources */,
			);
			runOnlyForDeploymentPostprocessing = 0;
		};
		D11709EC25ED23860096CDAB /* Sources */ = {
			isa = PBXSourcesBuildPhase;
			buildActionMask = 2147483647;
			files = (
				D11709F525ED23860096CDAB /* MessengerUITests.swift in Sources */,
			);
			runOnlyForDeploymentPostprocessing = 0;
		};
/* End PBXSourcesBuildPhase section */

/* Begin PBXTargetDependency section */
		D11709E725ED23860096CDAB /* PBXTargetDependency */ = {
			isa = PBXTargetDependency;
			target = D11709CE25ED23830096CDAB /* Messenger */;
			targetProxy = D11709E625ED23860096CDAB /* PBXContainerItemProxy */;
		};
		D11709F225ED23860096CDAB /* PBXTargetDependency */ = {
			isa = PBXTargetDependency;
			target = D11709CE25ED23830096CDAB /* Messenger */;
			targetProxy = D11709F125ED23860096CDAB /* PBXContainerItemProxy */;
		};
/* End PBXTargetDependency section */

/* Begin PBXVariantGroup section */
		D11709D825ED23830096CDAB /* Main.storyboard */ = {
			isa = PBXVariantGroup;
			children = (
				D11709D925ED23830096CDAB /* Base */,
			);
			name = Main.storyboard;
			sourceTree = "<group>";
		};
		D11709DD25ED23850096CDAB /* LaunchScreen.storyboard */ = {
			isa = PBXVariantGroup;
			children = (
				D11709DE25ED23850096CDAB /* Base */,
			);
			name = LaunchScreen.storyboard;
			sourceTree = "<group>";
		};
/* End PBXVariantGroup section */

/* Begin XCBuildConfiguration section */
		D11709F725ED23860096CDAB /* Debug */ = {
			isa = XCBuildConfiguration;
			buildSettings = {
				ALWAYS_SEARCH_USER_PATHS = NO;
				CLANG_ANALYZER_NONNULL = YES;
				CLANG_ANALYZER_NUMBER_OBJECT_CONVERSION = YES_AGGRESSIVE;
				CLANG_CXX_LANGUAGE_STANDARD = "gnu++14";
				CLANG_CXX_LIBRARY = "libc++";
				CLANG_ENABLE_MODULES = YES;
				CLANG_ENABLE_OBJC_ARC = YES;
				CLANG_ENABLE_OBJC_WEAK = YES;
				CLANG_WARN_BLOCK_CAPTURE_AUTORELEASING = YES;
				CLANG_WARN_BOOL_CONVERSION = YES;
				CLANG_WARN_COMMA = YES;
				CLANG_WARN_CONSTANT_CONVERSION = YES;
				CLANG_WARN_DEPRECATED_OBJC_IMPLEMENTATIONS = YES;
				CLANG_WARN_DIRECT_OBJC_ISA_USAGE = YES_ERROR;
				CLANG_WARN_DOCUMENTATION_COMMENTS = YES;
				CLANG_WARN_EMPTY_BODY = YES;
				CLANG_WARN_ENUM_CONVERSION = YES;
				CLANG_WARN_INFINITE_RECURSION = YES;
				CLANG_WARN_INT_CONVERSION = YES;
				CLANG_WARN_NON_LITERAL_NULL_CONVERSION = YES;
				CLANG_WARN_OBJC_IMPLICIT_RETAIN_SELF = YES;
				CLANG_WARN_OBJC_LITERAL_CONVERSION = YES;
				CLANG_WARN_OBJC_ROOT_CLASS = YES_ERROR;
				CLANG_WARN_QUOTED_INCLUDE_IN_FRAMEWORK_HEADER = YES;
				CLANG_WARN_RANGE_LOOP_ANALYSIS = YES;
				CLANG_WARN_STRICT_PROTOTYPES = YES;
				CLANG_WARN_SUSPICIOUS_MOVE = YES;
				CLANG_WARN_UNGUARDED_AVAILABILITY = YES_AGGRESSIVE;
				CLANG_WARN_UNREACHABLE_CODE = YES;
				CLANG_WARN__DUPLICATE_METHOD_MATCH = YES;
				COPY_PHASE_STRIP = NO;
				DEBUG_INFORMATION_FORMAT = dwarf;
				ENABLE_STRICT_OBJC_MSGSEND = YES;
				ENABLE_TESTABILITY = YES;
				GCC_C_LANGUAGE_STANDARD = gnu11;
				GCC_DYNAMIC_NO_PIC = NO;
				GCC_NO_COMMON_BLOCKS = YES;
				GCC_OPTIMIZATION_LEVEL = 0;
				GCC_PREPROCESSOR_DEFINITIONS = (
					"DEBUG=1",
					"$(inherited)",
				);
				GCC_WARN_64_TO_32_BIT_CONVERSION = YES;
				GCC_WARN_ABOUT_RETURN_TYPE = YES_ERROR;
				GCC_WARN_UNDECLARED_SELECTOR = YES;
				GCC_WARN_UNINITIALIZED_AUTOS = YES_AGGRESSIVE;
				GCC_WARN_UNUSED_FUNCTION = YES;
				GCC_WARN_UNUSED_VARIABLE = YES;
				IPHONEOS_DEPLOYMENT_TARGET = 14.4;
				MTL_ENABLE_DEBUG_INFO = INCLUDE_SOURCE;
				MTL_FAST_MATH = YES;
				ONLY_ACTIVE_ARCH = YES;
				SDKROOT = iphoneos;
				SWIFT_ACTIVE_COMPILATION_CONDITIONS = DEBUG;
				SWIFT_OPTIMIZATION_LEVEL = "-Onone";
			};
			name = Debug;
		};
		D11709F825ED23860096CDAB /* Release */ = {
			isa = XCBuildConfiguration;
			buildSettings = {
				ALWAYS_SEARCH_USER_PATHS = NO;
				CLANG_ANALYZER_NONNULL = YES;
				CLANG_ANALYZER_NUMBER_OBJECT_CONVERSION = YES_AGGRESSIVE;
				CLANG_CXX_LANGUAGE_STANDARD = "gnu++14";
				CLANG_CXX_LIBRARY = "libc++";
				CLANG_ENABLE_MODULES = YES;
				CLANG_ENABLE_OBJC_ARC = YES;
				CLANG_ENABLE_OBJC_WEAK = YES;
				CLANG_WARN_BLOCK_CAPTURE_AUTORELEASING = YES;
				CLANG_WARN_BOOL_CONVERSION = YES;
				CLANG_WARN_COMMA = YES;
				CLANG_WARN_CONSTANT_CONVERSION = YES;
				CLANG_WARN_DEPRECATED_OBJC_IMPLEMENTATIONS = YES;
				CLANG_WARN_DIRECT_OBJC_ISA_USAGE = YES_ERROR;
				CLANG_WARN_DOCUMENTATION_COMMENTS = YES;
				CLANG_WARN_EMPTY_BODY = YES;
				CLANG_WARN_ENUM_CONVERSION = YES;
				CLANG_WARN_INFINITE_RECURSION = YES;
				CLANG_WARN_INT_CONVERSION = YES;
				CLANG_WARN_NON_LITERAL_NULL_CONVERSION = YES;
				CLANG_WARN_OBJC_IMPLICIT_RETAIN_SELF = YES;
				CLANG_WARN_OBJC_LITERAL_CONVERSION = YES;
				CLANG_WARN_OBJC_ROOT_CLASS = YES_ERROR;
				CLANG_WARN_QUOTED_INCLUDE_IN_FRAMEWORK_HEADER = YES;
				CLANG_WARN_RANGE_LOOP_ANALYSIS = YES;
				CLANG_WARN_STRICT_PROTOTYPES = YES;
				CLANG_WARN_SUSPICIOUS_MOVE = YES;
				CLANG_WARN_UNGUARDED_AVAILABILITY = YES_AGGRESSIVE;
				CLANG_WARN_UNREACHABLE_CODE = YES;
				CLANG_WARN__DUPLICATE_METHOD_MATCH = YES;
				COPY_PHASE_STRIP = NO;
				DEBUG_INFORMATION_FORMAT = "dwarf-with-dsym";
				ENABLE_NS_ASSERTIONS = NO;
				ENABLE_STRICT_OBJC_MSGSEND = YES;
				GCC_C_LANGUAGE_STANDARD = gnu11;
				GCC_NO_COMMON_BLOCKS = YES;
				GCC_WARN_64_TO_32_BIT_CONVERSION = YES;
				GCC_WARN_ABOUT_RETURN_TYPE = YES_ERROR;
				GCC_WARN_UNDECLARED_SELECTOR = YES;
				GCC_WARN_UNINITIALIZED_AUTOS = YES_AGGRESSIVE;
				GCC_WARN_UNUSED_FUNCTION = YES;
				GCC_WARN_UNUSED_VARIABLE = YES;
				IPHONEOS_DEPLOYMENT_TARGET = 14.4;
				MTL_ENABLE_DEBUG_INFO = NO;
				MTL_FAST_MATH = YES;
				SDKROOT = iphoneos;
				SWIFT_COMPILATION_MODE = wholemodule;
				SWIFT_OPTIMIZATION_LEVEL = "-O";
				VALIDATE_PRODUCT = YES;
			};
			name = Release;
		};
		D11709FA25ED23860096CDAB /* Debug */ = {
			isa = XCBuildConfiguration;
			buildSettings = {
				ASSETCATALOG_COMPILER_APPICON_NAME = AppIcon;
				ASSETCATALOG_COMPILER_GLOBAL_ACCENT_COLOR_NAME = AccentColor;
				CODE_SIGN_STYLE = Automatic;
				DEVELOPMENT_TEAM = HU86N788J6;
				INFOPLIST_FILE = Messenger/Info.plist;
				IPHONEOS_DEPLOYMENT_TARGET = 13.0;
				LD_RUNPATH_SEARCH_PATHS = (
					"$(inherited)",
					"@executable_path/Frameworks",
				);
				PRODUCT_BUNDLE_IDENTIFIER = kr.xoul.Messenger;
				PRODUCT_NAME = "$(TARGET_NAME)";
				SWIFT_VERSION = 5.0;
				TARGETED_DEVICE_FAMILY = "1,2";
			};
			name = Debug;
		};
		D11709FB25ED23860096CDAB /* Release */ = {
			isa = XCBuildConfiguration;
			buildSettings = {
				ASSETCATALOG_COMPILER_APPICON_NAME = AppIcon;
				ASSETCATALOG_COMPILER_GLOBAL_ACCENT_COLOR_NAME = AccentColor;
				CODE_SIGN_STYLE = Automatic;
				DEVELOPMENT_TEAM = HU86N788J6;
				INFOPLIST_FILE = Messenger/Info.plist;
				IPHONEOS_DEPLOYMENT_TARGET = 13.0;
				LD_RUNPATH_SEARCH_PATHS = (
					"$(inherited)",
					"@executable_path/Frameworks",
				);
				PRODUCT_BUNDLE_IDENTIFIER = kr.xoul.Messenger;
				PRODUCT_NAME = "$(TARGET_NAME)";
				SWIFT_VERSION = 5.0;
				TARGETED_DEVICE_FAMILY = "1,2";
			};
			name = Release;
		};
		D11709FD25ED23860096CDAB /* Debug */ = {
			isa = XCBuildConfiguration;
			buildSettings = {
				ALWAYS_EMBED_SWIFT_STANDARD_LIBRARIES = YES;
				BUNDLE_LOADER = "$(TEST_HOST)";
				CODE_SIGN_STYLE = Automatic;
				DEVELOPMENT_TEAM = HU86N788J6;
				INFOPLIST_FILE = MessengerTests/Info.plist;
				IPHONEOS_DEPLOYMENT_TARGET = 14.4;
				LD_RUNPATH_SEARCH_PATHS = (
					"$(inherited)",
					"@executable_path/Frameworks",
					"@loader_path/Frameworks",
				);
				PRODUCT_BUNDLE_IDENTIFIER = kr.xoul.MessengerTests;
				PRODUCT_NAME = "$(TARGET_NAME)";
				SWIFT_VERSION = 5.0;
				TARGETED_DEVICE_FAMILY = "1,2";
				TEST_HOST = "$(BUILT_PRODUCTS_DIR)/Messenger.app/Messenger";
			};
			name = Debug;
		};
		D11709FE25ED23860096CDAB /* Release */ = {
			isa = XCBuildConfiguration;
			buildSettings = {
				ALWAYS_EMBED_SWIFT_STANDARD_LIBRARIES = YES;
				BUNDLE_LOADER = "$(TEST_HOST)";
				CODE_SIGN_STYLE = Automatic;
				DEVELOPMENT_TEAM = HU86N788J6;
				INFOPLIST_FILE = MessengerTests/Info.plist;
				IPHONEOS_DEPLOYMENT_TARGET = 14.4;
				LD_RUNPATH_SEARCH_PATHS = (
					"$(inherited)",
					"@executable_path/Frameworks",
					"@loader_path/Frameworks",
				);
				PRODUCT_BUNDLE_IDENTIFIER = kr.xoul.MessengerTests;
				PRODUCT_NAME = "$(TARGET_NAME)";
				SWIFT_VERSION = 5.0;
				TARGETED_DEVICE_FAMILY = "1,2";
				TEST_HOST = "$(BUILT_PRODUCTS_DIR)/Messenger.app/Messenger";
			};
			name = Release;
		};
		D1170A0025ED23860096CDAB /* Debug */ = {
			isa = XCBuildConfiguration;
			buildSettings = {
				ALWAYS_EMBED_SWIFT_STANDARD_LIBRARIES = YES;
				CODE_SIGN_STYLE = Automatic;
				DEVELOPMENT_TEAM = HU86N788J6;
				INFOPLIST_FILE = MessengerUITests/Info.plist;
				LD_RUNPATH_SEARCH_PATHS = (
					"$(inherited)",
					"@executable_path/Frameworks",
					"@loader_path/Frameworks",
				);
				PRODUCT_BUNDLE_IDENTIFIER = kr.xoul.MessengerUITests;
				PRODUCT_NAME = "$(TARGET_NAME)";
				SWIFT_VERSION = 5.0;
				TARGETED_DEVICE_FAMILY = "1,2";
				TEST_TARGET_NAME = Messenger;
			};
			name = Debug;
		};
		D1170A0125ED23860096CDAB /* Release */ = {
			isa = XCBuildConfiguration;
			buildSettings = {
				ALWAYS_EMBED_SWIFT_STANDARD_LIBRARIES = YES;
				CODE_SIGN_STYLE = Automatic;
				DEVELOPMENT_TEAM = HU86N788J6;
				INFOPLIST_FILE = MessengerUITests/Info.plist;
				LD_RUNPATH_SEARCH_PATHS = (
					"$(inherited)",
					"@executable_path/Frameworks",
					"@loader_path/Frameworks",
				);
				PRODUCT_BUNDLE_IDENTIFIER = kr.xoul.MessengerUITests;
				PRODUCT_NAME = "$(TARGET_NAME)";
				SWIFT_VERSION = 5.0;
				TARGETED_DEVICE_FAMILY = "1,2";
				TEST_TARGET_NAME = Messenger;
			};
			name = Release;
		};
/* End XCBuildConfiguration section */

/* Begin XCConfigurationList section */
		D11709CA25ED23830096CDAB /* Build configuration list for PBXProject "Messenger" */ = {
			isa = XCConfigurationList;
			buildConfigurations = (
				D11709F725ED23860096CDAB /* Debug */,
				D11709F825ED23860096CDAB /* Release */,
			);
			defaultConfigurationIsVisible = 0;
			defaultConfigurationName = Release;
		};
		D11709F925ED23860096CDAB /* Build configuration list for PBXNativeTarget "Messenger" */ = {
			isa = XCConfigurationList;
			buildConfigurations = (
				D11709FA25ED23860096CDAB /* Debug */,
				D11709FB25ED23860096CDAB /* Release */,
			);
			defaultConfigurationIsVisible = 0;
			defaultConfigurationName = Release;
		};
		D11709FC25ED23860096CDAB /* Build configuration list for PBXNativeTarget "MessengerTests" */ = {
			isa = XCConfigurationList;
			buildConfigurations = (
				D11709FD25ED23860096CDAB /* Debug */,
				D11709FE25ED23860096CDAB /* Release */,
			);
			defaultConfigurationIsVisible = 0;
			defaultConfigurationName = Release;
		};
		D11709FF25ED23860096CDAB /* Build configuration list for PBXNativeTarget "MessengerUITests" */ = {
			isa = XCConfigurationList;
			buildConfigurations = (
				D1170A0025ED23860096CDAB /* Debug */,
				D1170A0125ED23860096CDAB /* Release */,
			);
			defaultConfigurationIsVisible = 0;
			defaultConfigurationName = Release;
		};
/* End XCConfigurationList section */
	};
	rootObject = D11709C725ED23830096CDAB /* Project object */;
}
